
Microsoft Visual Studio Solution File, Format Version 12.00
# Visual Studio Version 17
VisualStudioVersion = 17.11.35312.102
MinimumVisualStudioVersion = 10.0.40219.1
Project("{FAE04EC0-301F-11D3-BF4B-00C04F79EFBC}") = "oraimunka1118", "oraimunka1118.csproj", "{4416AA9F-23F2-45F3-A524-6B953C988EFF}"
EndProject
Global
	GlobalSection(SolutionConfigurationPlatforms) = preSolution
		Debug|Any CPU = Debug|Any CPU
		Release|Any CPU = Release|Any CPU
	EndGlobalSection
	GlobalSection(ProjectConfigurationPlatforms) = postSolution
		{4416AA9F-23F2-45F3-A524-6B953C988EFF}.Debug|Any CPU.ActiveCfg = Debug|Any CPU
		{4416AA9F-23F2-45F3-A524-6B953C988EFF}.Debug|Any CPU.Build.0 = Debug|Any CPU
		{4416AA9F-23F2-45F3-A524-6B953C988EFF}.Release|Any CPU.ActiveCfg = Release|Any CPU
		{4416AA9F-23F2-45F3-A524-6B953C988EFF}.Release|Any CPU.Build.0 = Release|Any CPU
	EndGlobalSection
	GlobalSection(SolutionProperties) = preSolution
		HideSolutionNode = FALSE
	EndGlobalSection
	GlobalSection(ExtensibilityGlobals) = postSolution
		SolutionGuid = {4F9E408E-AC90-46EC-9075-B11CF014BEA6}
	EndGlobalSection
EndGlobal
